
Microsoft Visual Studio Solution File, Format Version 12.00
# Visual Studio Version 16
VisualStudioVersion = 16.0.30011.22
MinimumVisualStudioVersion = 10.0.40219.1
Project("{FAE04EC0-301F-11D3-BF4B-00C04F79EFBC}") = "NewsPortal.Api.Publishers", "NewsPortal.Api.Publishers\NewsPortal.Api.Publishers.csproj", "{33A78557-47E9-4D9A-86C9-4355E06458C5}"
EndProject
Project("{FAE04EC0-301F-11D3-BF4B-00C04F79EFBC}") = "NewsPortal.Api.NewsArticles", "NewsPortal.Api.NewsArticles\NewsPortal.Api.NewsArticles.csproj", "{4D6204DA-2454-4CCE-8DB7-4B504C42A2D1}"
EndProject
Project("{FAE04EC0-301F-11D3-BF4B-00C04F79EFBC}") = "NewsPortal.Api.Search", "NewsPortal.Api.Search\NewsPortal.Api.Search.csproj", "{0DF936EC-3D0F-4951-A992-0F4FDEA6F907}"
EndProject
Global
	GlobalSection(SolutionConfigurationPlatforms) = preSolution
		Debug|Any CPU = Debug|Any CPU
		Release|Any CPU = Release|Any CPU
	EndGlobalSection
	GlobalSection(ProjectConfigurationPlatforms) = postSolution
		{33A78557-47E9-4D9A-86C9-4355E06458C5}.Debug|Any CPU.ActiveCfg = Debug|Any CPU
		{33A78557-47E9-4D9A-86C9-4355E06458C5}.Debug|Any CPU.Build.0 = Debug|Any CPU
		{33A78557-47E9-4D9A-86C9-4355E06458C5}.Release|Any CPU.ActiveCfg = Release|Any CPU
		{33A78557-47E9-4D9A-86C9-4355E06458C5}.Release|Any CPU.Build.0 = Release|Any CPU
		{4D6204DA-2454-4CCE-8DB7-4B504C42A2D1}.Debug|Any CPU.ActiveCfg = Debug|Any CPU
		{4D6204DA-2454-4CCE-8DB7-4B504C42A2D1}.Debug|Any CPU.Build.0 = Debug|Any CPU
		{4D6204DA-2454-4CCE-8DB7-4B504C42A2D1}.Release|Any CPU.ActiveCfg = Release|Any CPU
		{4D6204DA-2454-4CCE-8DB7-4B504C42A2D1}.Release|Any CPU.Build.0 = Release|Any CPU
		{0DF936EC-3D0F-4951-A992-0F4FDEA6F907}.Debug|Any CPU.ActiveCfg = Debug|Any CPU
		{0DF936EC-3D0F-4951-A992-0F4FDEA6F907}.Debug|Any CPU.Build.0 = Debug|Any CPU
		{0DF936EC-3D0F-4951-A992-0F4FDEA6F907}.Release|Any CPU.ActiveCfg = Release|Any CPU
		{0DF936EC-3D0F-4951-A992-0F4FDEA6F907}.Release|Any CPU.Build.0 = Release|Any CPU
	EndGlobalSection
	GlobalSection(SolutionProperties) = preSolution
		HideSolutionNode = FALSE
	EndGlobalSection
	GlobalSection(ExtensibilityGlobals) = postSolution
		SolutionGuid = {012F71C9-B9AB-4AE2-AE83-C5BCFA64469F}
	EndGlobalSection
EndGlobal
